// !$*UTF8*$!
{
	archiveVersion = 1;
	classes = {
	};
	objectVersion = 46;
	objects = {

/* Begin PBXBuildFile section */
		9632121515E9D7A000F55E12 /* templates in Resources */ = {isa = PBXBuildFile; fileRef = 9632121415E9D7A000F55E12 /* templates */; };
		9683114E15A83E9C009CBF4F /* RMAPIManager.m in Sources */ = {isa = PBXBuildFile; fileRef = 9683114D15A83E9C009CBF4F /* RMAPIManager.m */; };
		968D23CC15A110D3005091DE /* RMViewController.m in Sources */ = {isa = PBXBuildFile; fileRef = 968D23CB15A110D3005091DE /* RMViewController.m */; };
		968D23DB15A1132C005091DE /* RMWebView.m in Sources */ = {isa = PBXBuildFile; fileRef = 968D23DA15A1132C005091DE /* RMWebView.m */; };
		968D23DF15A1146F005091DE /* RMWebViewDelegate.m in Sources */ = {isa = PBXBuildFile; fileRef = 968D23DE15A1146F005091DE /* RMWebViewDelegate.m */; };
		9697F092159FF7EE0079D9B2 /* UIKit.framework in Frameworks */ = {isa = PBXBuildFile; fileRef = 9697F091159FF7EE0079D9B2 /* UIKit.framework */; };
		9697F094159FF7EE0079D9B2 /* Foundation.framework in Frameworks */ = {isa = PBXBuildFile; fileRef = 9697F093159FF7EE0079D9B2 /* Foundation.framework */; };
		9697F096159FF7EE0079D9B2 /* CoreGraphics.framework in Frameworks */ = {isa = PBXBuildFile; fileRef = 9697F095159FF7EE0079D9B2 /* CoreGraphics.framework */; };
		9697F09C159FF7EE0079D9B2 /* InfoPlist.strings in Resources */ = {isa = PBXBuildFile; fileRef = 9697F09A159FF7EE0079D9B2 /* InfoPlist.strings */; };
		9697F09E159FF7EE0079D9B2 /* main.m in Sources */ = {isa = PBXBuildFile; fileRef = 9697F09D159FF7EE0079D9B2 /* main.m */; };
		9697F0A2159FF7EE0079D9B2 /* RMAppDelegate.m in Sources */ = {isa = PBXBuildFile; fileRef = 9697F0A1159FF7EE0079D9B2 /* RMAppDelegate.m */; };
		9697F0A5159FF7EE0079D9B2 /* RMFirstViewController.m in Sources */ = {isa = PBXBuildFile; fileRef = 9697F0A4159FF7EE0079D9B2 /* RMFirstViewController.m */; };
		9697F0A7159FF7EE0079D9B2 /* first.png in Resources */ = {isa = PBXBuildFile; fileRef = 9697F0A6159FF7EE0079D9B2 /* first.png */; };
		9697F0A9159FF7EE0079D9B2 /* first@2x.png in Resources */ = {isa = PBXBuildFile; fileRef = 9697F0A8159FF7EE0079D9B2 /* first@2x.png */; };
		9697F0AC159FF7EE0079D9B2 /* RMSecondViewController.m in Sources */ = {isa = PBXBuildFile; fileRef = 9697F0AB159FF7EE0079D9B2 /* RMSecondViewController.m */; };
		9697F0AE159FF7EE0079D9B2 /* second.png in Resources */ = {isa = PBXBuildFile; fileRef = 9697F0AD159FF7EE0079D9B2 /* second.png */; };
		9697F0B0159FF7EE0079D9B2 /* second@2x.png in Resources */ = {isa = PBXBuildFile; fileRef = 9697F0AF159FF7EE0079D9B2 /* second@2x.png */; };
		9697F0B3159FF7EE0079D9B2 /* RMFirstViewController.xib in Resources */ = {isa = PBXBuildFile; fileRef = 9697F0B1159FF7EE0079D9B2 /* RMFirstViewController.xib */; };
		9697F0B6159FF7EE0079D9B2 /* RMSecondViewController.xib in Resources */ = {isa = PBXBuildFile; fileRef = 9697F0B4159FF7EE0079D9B2 /* RMSecondViewController.xib */; };
		96CCB39015A1248D006705CD /* RMAPIMappingManager.m in Sources */ = {isa = PBXBuildFile; fileRef = 96CCB38F15A1248D006705CD /* RMAPIMappingManager.m */; };
		9A88E88428CF4A9EBC55B042 /* libPods.a in Frameworks */ = {isa = PBXBuildFile; fileRef = 900781F8F8E6410992E0121B /* libPods.a */; };
/* End PBXBuildFile section */

/* Begin PBXFileReference section */
		00931467AC454253842B59FE /* Pods.xcconfig */ = {isa = PBXFileReference; lastKnownFileType = text.xcconfig; name = Pods.xcconfig; path = Pods/Pods.xcconfig; sourceTree = SOURCE_ROOT; };
		900781F8F8E6410992E0121B /* libPods.a */ = {isa = PBXFileReference; explicitFileType = archive.ar; includeInIndex = 0; path = libPods.a; sourceTree = BUILT_PRODUCTS_DIR; };
		9632121415E9D7A000F55E12 /* templates */ = {isa = PBXFileReference; lastKnownFileType = folder; path = templates; sourceTree = "<group>"; };
		9683114C15A83E9C009CBF4F /* RMAPIManager.h */ = {isa = PBXFileReference; fileEncoding = 4; lastKnownFileType = sourcecode.c.h; path = RMAPIManager.h; sourceTree = "<group>"; };
		9683114D15A83E9C009CBF4F /* RMAPIManager.m */ = {isa = PBXFileReference; fileEncoding = 4; lastKnownFileType = sourcecode.c.objc; path = RMAPIManager.m; sourceTree = "<group>"; };
		9683119A15A846B5009CBF4F /* SynthesizeSingleton.h */ = {isa = PBXFileReference; lastKnownFileType = sourcecode.c.h; path = SynthesizeSingleton.h; sourceTree = "<group>"; };
		968D23CA15A110D3005091DE /* RMViewController.h */ = {isa = PBXFileReference; fileEncoding = 4; lastKnownFileType = sourcecode.c.h; path = RMViewController.h; sourceTree = "<group>"; };
		968D23CB15A110D3005091DE /* RMViewController.m */ = {isa = PBXFileReference; fileEncoding = 4; lastKnownFileType = sourcecode.c.objc; path = RMViewController.m; sourceTree = "<group>"; };
		968D23D915A1132C005091DE /* RMWebView.h */ = {isa = PBXFileReference; fileEncoding = 4; lastKnownFileType = sourcecode.c.h; path = RMWebView.h; sourceTree = "<group>"; };
		968D23DA15A1132C005091DE /* RMWebView.m */ = {isa = PBXFileReference; fileEncoding = 4; lastKnownFileType = sourcecode.c.objc; path = RMWebView.m; sourceTree = "<group>"; };
		968D23DD15A1146F005091DE /* RMWebViewDelegate.h */ = {isa = PBXFileReference; fileEncoding = 4; lastKnownFileType = sourcecode.c.h; path = RMWebViewDelegate.h; sourceTree = "<group>"; };
		968D23DE15A1146F005091DE /* RMWebViewDelegate.m */ = {isa = PBXFileReference; fileEncoding = 4; lastKnownFileType = sourcecode.c.objc; path = RMWebViewDelegate.m; sourceTree = "<group>"; };
		9697F08D159FF7EE0079D9B2 /* RESTMagic.app */ = {isa = PBXFileReference; explicitFileType = wrapper.application; includeInIndex = 0; path = RESTMagic.app; sourceTree = BUILT_PRODUCTS_DIR; };
		9697F091159FF7EE0079D9B2 /* UIKit.framework */ = {isa = PBXFileReference; lastKnownFileType = wrapper.framework; name = UIKit.framework; path = System/Library/Frameworks/UIKit.framework; sourceTree = SDKROOT; };
		9697F093159FF7EE0079D9B2 /* Foundation.framework */ = {isa = PBXFileReference; lastKnownFileType = wrapper.framework; name = Foundation.framework; path = System/Library/Frameworks/Foundation.framework; sourceTree = SDKROOT; };
		9697F095159FF7EE0079D9B2 /* CoreGraphics.framework */ = {isa = PBXFileReference; lastKnownFileType = wrapper.framework; name = CoreGraphics.framework; path = System/Library/Frameworks/CoreGraphics.framework; sourceTree = SDKROOT; };
		9697F099159FF7EE0079D9B2 /* RESTMagic-Info.plist */ = {isa = PBXFileReference; lastKnownFileType = text.plist.xml; path = "RESTMagic-Info.plist"; sourceTree = "<group>"; };
		9697F09B159FF7EE0079D9B2 /* en */ = {isa = PBXFileReference; lastKnownFileType = text.plist.strings; name = en; path = en.lproj/InfoPlist.strings; sourceTree = "<group>"; };
		9697F09D159FF7EE0079D9B2 /* main.m */ = {isa = PBXFileReference; lastKnownFileType = sourcecode.c.objc; path = main.m; sourceTree = "<group>"; };
		9697F09F159FF7EE0079D9B2 /* RESTMagic-Prefix.pch */ = {isa = PBXFileReference; lastKnownFileType = sourcecode.c.h; path = "RESTMagic-Prefix.pch"; sourceTree = "<group>"; };
		9697F0A0159FF7EE0079D9B2 /* RMAppDelegate.h */ = {isa = PBXFileReference; lastKnownFileType = sourcecode.c.h; path = RMAppDelegate.h; sourceTree = "<group>"; };
		9697F0A1159FF7EE0079D9B2 /* RMAppDelegate.m */ = {isa = PBXFileReference; lastKnownFileType = sourcecode.c.objc; path = RMAppDelegate.m; sourceTree = "<group>"; };
		9697F0A3159FF7EE0079D9B2 /* RMFirstViewController.h */ = {isa = PBXFileReference; lastKnownFileType = sourcecode.c.h; path = RMFirstViewController.h; sourceTree = "<group>"; };
		9697F0A4159FF7EE0079D9B2 /* RMFirstViewController.m */ = {isa = PBXFileReference; lastKnownFileType = sourcecode.c.objc; path = RMFirstViewController.m; sourceTree = "<group>"; };
		9697F0A6159FF7EE0079D9B2 /* first.png */ = {isa = PBXFileReference; lastKnownFileType = image.png; path = first.png; sourceTree = "<group>"; };
		9697F0A8159FF7EE0079D9B2 /* first@2x.png */ = {isa = PBXFileReference; lastKnownFileType = image.png; path = "first@2x.png"; sourceTree = "<group>"; };
		9697F0AA159FF7EE0079D9B2 /* RMSecondViewController.h */ = {isa = PBXFileReference; lastKnownFileType = sourcecode.c.h; path = RMSecondViewController.h; sourceTree = "<group>"; };
		9697F0AB159FF7EE0079D9B2 /* RMSecondViewController.m */ = {isa = PBXFileReference; lastKnownFileType = sourcecode.c.objc; path = RMSecondViewController.m; sourceTree = "<group>"; };
		9697F0AD159FF7EE0079D9B2 /* second.png */ = {isa = PBXFileReference; lastKnownFileType = image.png; path = second.png; sourceTree = "<group>"; };
		9697F0AF159FF7EE0079D9B2 /* second@2x.png */ = {isa = PBXFileReference; lastKnownFileType = image.png; path = "second@2x.png"; sourceTree = "<group>"; };
		9697F0B2159FF7EE0079D9B2 /* en */ = {isa = PBXFileReference; lastKnownFileType = file.xib; name = en; path = en.lproj/RMFirstViewController.xib; sourceTree = "<group>"; };
		9697F0B5159FF7EE0079D9B2 /* en */ = {isa = PBXFileReference; lastKnownFileType = file.xib; name = en; path = en.lproj/RMSecondViewController.xib; sourceTree = "<group>"; };
		96CCB38E15A1248D006705CD /* RMAPIMappingManager.h */ = {isa = PBXFileReference; fileEncoding = 4; lastKnownFileType = sourcecode.c.h; path = RMAPIMappingManager.h; sourceTree = "<group>"; };
		96CCB38F15A1248D006705CD /* RMAPIMappingManager.m */ = {isa = PBXFileReference; fileEncoding = 4; lastKnownFileType = sourcecode.c.objc; path = RMAPIMappingManager.m; sourceTree = "<group>"; };
/* End PBXFileReference section */

/* Begin PBXFrameworksBuildPhase section */
		9697F08A159FF7ED0079D9B2 /* Frameworks */ = {
			isa = PBXFrameworksBuildPhase;
			buildActionMask = 2147483647;
			files = (
				9697F092159FF7EE0079D9B2 /* UIKit.framework in Frameworks */,
				9697F094159FF7EE0079D9B2 /* Foundation.framework in Frameworks */,
				9697F096159FF7EE0079D9B2 /* CoreGraphics.framework in Frameworks */,
				9A88E88428CF4A9EBC55B042 /* libPods.a in Frameworks */,
			);
			runOnlyForDeploymentPostprocessing = 0;
		};
/* End PBXFrameworksBuildPhase section */

/* Begin PBXGroup section */
		9697F082159FF7ED0079D9B2 = {
			isa = PBXGroup;
			children = (
				9697F097159FF7EE0079D9B2 /* RESTMagic */,
				9697F090159FF7EE0079D9B2 /* Frameworks */,
				9697F08E159FF7EE0079D9B2 /* Products */,
				00931467AC454253842B59FE /* Pods.xcconfig */,
			);
			sourceTree = "<group>";
		};
		9697F08E159FF7EE0079D9B2 /* Products */ = {
			isa = PBXGroup;
			children = (
				9697F08D159FF7EE0079D9B2 /* RESTMagic.app */,
			);
			name = Products;
			sourceTree = "<group>";
		};
		9697F090159FF7EE0079D9B2 /* Frameworks */ = {
			isa = PBXGroup;
			children = (
				9697F091159FF7EE0079D9B2 /* UIKit.framework */,
				9697F093159FF7EE0079D9B2 /* Foundation.framework */,
				9697F095159FF7EE0079D9B2 /* CoreGraphics.framework */,
				900781F8F8E6410992E0121B /* libPods.a */,
			);
			name = Frameworks;
			sourceTree = "<group>";
		};
		9697F097159FF7EE0079D9B2 /* RESTMagic */ = {
			isa = PBXGroup;
			children = (
				9697F0A0159FF7EE0079D9B2 /* RMAppDelegate.h */,
				9697F0A1159FF7EE0079D9B2 /* RMAppDelegate.m */,
				9697F0A3159FF7EE0079D9B2 /* RMFirstViewController.h */,
				9697F0A4159FF7EE0079D9B2 /* RMFirstViewController.m */,
				9697F0A6159FF7EE0079D9B2 /* first.png */,
				9697F0A8159FF7EE0079D9B2 /* first@2x.png */,
				9697F0AA159FF7EE0079D9B2 /* RMSecondViewController.h */,
				9697F0AB159FF7EE0079D9B2 /* RMSecondViewController.m */,
				9697F0AD159FF7EE0079D9B2 /* second.png */,
				9697F0AF159FF7EE0079D9B2 /* second@2x.png */,
				9697F0B1159FF7EE0079D9B2 /* RMFirstViewController.xib */,
				9697F0B4159FF7EE0079D9B2 /* RMSecondViewController.xib */,
				9697F098159FF7EE0079D9B2 /* Supporting Files */,
				968D23CA15A110D3005091DE /* RMViewController.h */,
				968D23CB15A110D3005091DE /* RMViewController.m */,
				968D23D915A1132C005091DE /* RMWebView.h */,
				968D23DA15A1132C005091DE /* RMWebView.m */,
				968D23DD15A1146F005091DE /* RMWebViewDelegate.h */,
				968D23DE15A1146F005091DE /* RMWebViewDelegate.m */,
				96CCB38E15A1248D006705CD /* RMAPIMappingManager.h */,
				96CCB38F15A1248D006705CD /* RMAPIMappingManager.m */,
				9683114C15A83E9C009CBF4F /* RMAPIManager.h */,
				9683114D15A83E9C009CBF4F /* RMAPIManager.m */,
			);
			path = RESTMagic;
			sourceTree = "<group>";
		};
		9697F098159FF7EE0079D9B2 /* Supporting Files */ = {
			isa = PBXGroup;
			children = (
				9632121415E9D7A000F55E12 /* templates */,
				9697F099159FF7EE0079D9B2 /* RESTMagic-Info.plist */,
				9697F09A159FF7EE0079D9B2 /* InfoPlist.strings */,
				9697F09D159FF7EE0079D9B2 /* main.m */,
				9697F09F159FF7EE0079D9B2 /* RESTMagic-Prefix.pch */,
				9683119A15A846B5009CBF4F /* SynthesizeSingleton.h */,
			);
			name = "Supporting Files";
			sourceTree = "<group>";
		};
/* End PBXGroup section */

/* Begin PBXNativeTarget section */
		9697F08C159FF7ED0079D9B2 /* RESTMagic */ = {
			isa = PBXNativeTarget;
			buildConfigurationList = 9697F0B9159FF7EE0079D9B2 /* Build configuration list for PBXNativeTarget "RESTMagic" */;
			buildPhases = (
				9697F089159FF7ED0079D9B2 /* Sources */,
				9697F08A159FF7ED0079D9B2 /* Frameworks */,
				9697F08B159FF7ED0079D9B2 /* Resources */,
				E14C000831C946D8A2CF5482 /* Copy Pods Resources */,
			);
			buildRules = (
			);
			dependencies = (
			);
			name = RESTMagic;
			productName = RESTMagic;
			productReference = 9697F08D159FF7EE0079D9B2 /* RESTMagic.app */;
			productType = "com.apple.product-type.application";
		};
/* End PBXNativeTarget section */

/* Begin PBXProject section */
		9697F084159FF7ED0079D9B2 /* Project object */ = {
			isa = PBXProject;
			attributes = {
				CLASSPREFIX = RM;
				LastUpgradeCheck = 0450;
				ORGANIZATIONNAME = "Jason Katzer";
			};
			buildConfigurationList = 9697F087159FF7ED0079D9B2 /* Build configuration list for PBXProject "RESTMagic" */;
			compatibilityVersion = "Xcode 3.2";
			developmentRegion = English;
			hasScannedForEncodings = 0;
			knownRegions = (
				en,
			);
			mainGroup = 9697F082159FF7ED0079D9B2;
			productRefGroup = 9697F08E159FF7EE0079D9B2 /* Products */;
			projectDirPath = "";
			projectRoot = "";
			targets = (
				9697F08C159FF7ED0079D9B2 /* RESTMagic */,
			);
		};
/* End PBXProject section */

/* Begin PBXResourcesBuildPhase section */
		9697F08B159FF7ED0079D9B2 /* Resources */ = {
			isa = PBXResourcesBuildPhase;
			buildActionMask = 2147483647;
			files = (
				9697F09C159FF7EE0079D9B2 /* InfoPlist.strings in Resources */,
				9697F0A7159FF7EE0079D9B2 /* first.png in Resources */,
				9697F0A9159FF7EE0079D9B2 /* first@2x.png in Resources */,
				9697F0AE159FF7EE0079D9B2 /* second.png in Resources */,
				9697F0B0159FF7EE0079D9B2 /* second@2x.png in Resources */,
				9697F0B3159FF7EE0079D9B2 /* RMFirstViewController.xib in Resources */,
				9697F0B6159FF7EE0079D9B2 /* RMSecondViewController.xib in Resources */,
				9632121515E9D7A000F55E12 /* templates in Resources */,
			);
			runOnlyForDeploymentPostprocessing = 0;
		};
/* End PBXResourcesBuildPhase section */

/* Begin PBXShellScriptBuildPhase section */
		E14C000831C946D8A2CF5482 /* Copy Pods Resources */ = {
			isa = PBXShellScriptBuildPhase;
			buildActionMask = 2147483647;
			files = (
			);
			inputPaths = (
			);
			name = "Copy Pods Resources";
			outputPaths = (
			);
			runOnlyForDeploymentPostprocessing = 0;
			shellPath = /bin/sh;
			shellScript = "\"${SRCROOT}/Pods/Pods-resources.sh\"\n";
		};
/* End PBXShellScriptBuildPhase section */

/* Begin PBXSourcesBuildPhase section */
		9697F089159FF7ED0079D9B2 /* Sources */ = {
			isa = PBXSourcesBuildPhase;
			buildActionMask = 2147483647;
			files = (
				9697F09E159FF7EE0079D9B2 /* main.m in Sources */,
				9697F0A2159FF7EE0079D9B2 /* RMAppDelegate.m in Sources */,
				9697F0A5159FF7EE0079D9B2 /* RMFirstViewController.m in Sources */,
				9697F0AC159FF7EE0079D9B2 /* RMSecondViewController.m in Sources */,
				968D23CC15A110D3005091DE /* RMViewController.m in Sources */,
				968D23DB15A1132C005091DE /* RMWebView.m in Sources */,
				968D23DF15A1146F005091DE /* RMWebViewDelegate.m in Sources */,
				96CCB39015A1248D006705CD /* RMAPIMappingManager.m in Sources */,
				9683114E15A83E9C009CBF4F /* RMAPIManager.m in Sources */,
			);
			runOnlyForDeploymentPostprocessing = 0;
		};
/* End PBXSourcesBuildPhase section */

/* Begin PBXVariantGroup section */
		9697F09A159FF7EE0079D9B2 /* InfoPlist.strings */ = {
			isa = PBXVariantGroup;
			children = (
				9697F09B159FF7EE0079D9B2 /* en */,
			);
			name = InfoPlist.strings;
			sourceTree = "<group>";
		};
		9697F0B1159FF7EE0079D9B2 /* RMFirstViewController.xib */ = {
			isa = PBXVariantGroup;
			children = (
				9697F0B2159FF7EE0079D9B2 /* en */,
			);
			name = RMFirstViewController.xib;
			sourceTree = "<group>";
		};
		9697F0B4159FF7EE0079D9B2 /* RMSecondViewController.xib */ = {
			isa = PBXVariantGroup;
			children = (
				9697F0B5159FF7EE0079D9B2 /* en */,
			);
			name = RMSecondViewController.xib;
			sourceTree = "<group>";
		};
/* End PBXVariantGroup section */

/* Begin XCBuildConfiguration section */
		9697F0B7159FF7EE0079D9B2 /* Debug */ = {
			isa = XCBuildConfiguration;
			buildSettings = {
				ALWAYS_SEARCH_USER_PATHS = NO;
				CLANG_CXX_LANGUAGE_STANDARD = "gnu++0x";
				CLANG_ENABLE_OBJC_ARC = YES;
				CLANG_WARN__DUPLICATE_METHOD_MATCH = YES;
				"CODE_SIGN_IDENTITY[sdk=iphoneos*]" = "iPhone Developer";
				COPY_PHASE_STRIP = NO;
				GCC_C_LANGUAGE_STANDARD = gnu99;
				GCC_DYNAMIC_NO_PIC = NO;
				GCC_OPTIMIZATION_LEVEL = 0;
				GCC_PREPROCESSOR_DEFINITIONS = (
					"DEBUG=1",
					"$(inherited)",
				);
				GCC_SYMBOLS_PRIVATE_EXTERN = NO;
				GCC_WARN_ABOUT_RETURN_TYPE = YES;
				GCC_WARN_UNINITIALIZED_AUTOS = YES;
				GCC_WARN_UNUSED_VARIABLE = YES;
				IPHONEOS_DEPLOYMENT_TARGET = 6.0;
				SDKROOT = iphoneos;
			};
			name = Debug;
		};
		9697F0B8159FF7EE0079D9B2 /* Release */ = {
			isa = XCBuildConfiguration;
			buildSettings = {
				ALWAYS_SEARCH_USER_PATHS = NO;
				CLANG_CXX_LANGUAGE_STANDARD = "gnu++0x";
				CLANG_ENABLE_OBJC_ARC = YES;
				CLANG_WARN__DUPLICATE_METHOD_MATCH = YES;
				"CODE_SIGN_IDENTITY[sdk=iphoneos*]" = "iPhone Developer";
				COPY_PHASE_STRIP = YES;
				GCC_C_LANGUAGE_STANDARD = gnu99;
				GCC_WARN_ABOUT_RETURN_TYPE = YES;
				GCC_WARN_UNINITIALIZED_AUTOS = YES;
				GCC_WARN_UNUSED_VARIABLE = YES;
				IPHONEOS_DEPLOYMENT_TARGET = 6.0;
				OTHER_CFLAGS = "-DNS_BLOCK_ASSERTIONS=1";
				SDKROOT = iphoneos;
				VALIDATE_PRODUCT = YES;
			};
			name = Release;
		};
		9697F0BA159FF7EE0079D9B2 /* Debug */ = {
			isa = XCBuildConfiguration;
			baseConfigurationReference = 00931467AC454253842B59FE /* Pods.xcconfig */;
			buildSettings = {
				DSTROOT = /tmp/xcodeproj.dst;
				GCC_PRECOMPILE_PREFIX_HEADER = YES;
				GCC_PREFIX_HEADER = "RESTMagic/RESTMagic-Prefix.pch";
				GCC_VERSION = com.apple.compilers.llvm.clang.1_0;
				INFOPLIST_FILE = "RESTMagic/RESTMagic-Info.plist";
				IPHONEOS_DEPLOYMENT_TARGET = 4.0;
				PRODUCT_NAME = "$(TARGET_NAME)";
				SKIP_INSTALL = YES;
				WRAPPER_EXTENSION = app;
			};
			name = Debug;
		};
		9697F0BB159FF7EE0079D9B2 /* Release */ = {
			isa = XCBuildConfiguration;
			baseConfigurationReference = 00931467AC454253842B59FE /* Pods.xcconfig */;
			buildSettings = {
				DSTROOT = /tmp/xcodeproj.dst;
				GCC_PRECOMPILE_PREFIX_HEADER = YES;
				GCC_PREFIX_HEADER = "RESTMagic/RESTMagic-Prefix.pch";
				GCC_VERSION = com.apple.compilers.llvm.clang.1_0;
				INFOPLIST_FILE = "RESTMagic/RESTMagic-Info.plist";
				IPHONEOS_DEPLOYMENT_TARGET = 4.0;
				PRODUCT_NAME = "$(TARGET_NAME)";
				SKIP_INSTALL = YES;
				WRAPPER_EXTENSION = app;
			};
			name = Release;
		};
/* End XCBuildConfiguration section */

/* Begin XCConfigurationList section */
		9697F087159FF7ED0079D9B2 /* Build configuration list for PBXProject "RESTMagic" */ = {
			isa = XCConfigurationList;
			buildConfigurations = (
				9697F0B7159FF7EE0079D9B2 /* Debug */,
				9697F0B8159FF7EE0079D9B2 /* Release */,
			);
			defaultConfigurationIsVisible = 0;
			defaultConfigurationName = Release;
		};
		9697F0B9159FF7EE0079D9B2 /* Build configuration list for PBXNativeTarget "RESTMagic" */ = {
			isa = XCConfigurationList;
			buildConfigurations = (
				9697F0BA159FF7EE0079D9B2 /* Debug */,
				9697F0BB159FF7EE0079D9B2 /* Release */,
			);
			defaultConfigurationIsVisible = 0;
			defaultConfigurationName = Release;
		};
/* End XCConfigurationList section */
	};
	rootObject = 9697F084159FF7ED0079D9B2 /* Project object */;
}
